// !$*UTF8*$!
{
	archiveVersion = 1;
	classes = {
	};
	objectVersion = 46;
	objects = {

/* Begin PBXBuildFile section */
		20EEF4BB1D1D20730059D034 /* main.m in Sources */ = {isa = PBXBuildFile; fileRef = 20EEF4BA1D1D20730059D034 /* main.m */; };
		20EEF4BE1D1D20730059D034 /* AppDelegate.m in Sources */ = {isa = PBXBuildFile; fileRef = 20EEF4BD1D1D20730059D034 /* AppDelegate.m */; };
		20EEF4C11D1D20730059D034 /* ViewController.m in Sources */ = {isa = PBXBuildFile; fileRef = 20EEF4C01D1D20730059D034 /* ViewController.m */; };
		20EEF4C41D1D20730059D034 /* Main.storyboard in Resources */ = {isa = PBXBuildFile; fileRef = 20EEF4C21D1D20730059D034 /* Main.storyboard */; };
		20EEF4C61D1D20730059D034 /* Assets.xcassets in Resources */ = {isa = PBXBuildFile; fileRef = 20EEF4C51D1D20730059D034 /* Assets.xcassets */; };
		20EEF4C91D1D20730059D034 /* LaunchScreen.storyboard in Resources */ = {isa = PBXBuildFile; fileRef = 20EEF4C71D1D20730059D034 /* LaunchScreen.storyboard */; };
		20EEF4D41D1D20730059D034 /* testCacheImageTests.m in Sources */ = {isa = PBXBuildFile; fileRef = 20EEF4D31D1D20730059D034 /* testCacheImageTests.m */; };
		20EEF4DF1D1D20730059D034 /* testCacheImageUITests.m in Sources */ = {isa = PBXBuildFile; fileRef = 20EEF4DE1D1D20730059D034 /* testCacheImageUITests.m */; };
		20EEF4EF1D1D20BD0059D034 /* ModelImage.m in Sources */ = {isa = PBXBuildFile; fileRef = 20EEF4EE1D1D20BD0059D034 /* ModelImage.m */; };
		20EEF4F31D1D21220059D034 /* ImageCache.m in Sources */ = {isa = PBXBuildFile; fileRef = 20EEF4F21D1D21220059D034 /* ImageCache.m */; };
/* End PBXBuildFile section */

/* Begin PBXContainerItemProxy section */
		20EEF4D01D1D20730059D034 /* PBXContainerItemProxy */ = {
			isa = PBXContainerItemProxy;
			containerPortal = 20EEF4AE1D1D20730059D034 /* Project object */;
			proxyType = 1;
			remoteGlobalIDString = 20EEF4B51D1D20730059D034;
			remoteInfo = testCacheImage;
		};
		20EEF4DB1D1D20730059D034 /* PBXContainerItemProxy */ = {
			isa = PBXContainerItemProxy;
			containerPortal = 20EEF4AE1D1D20730059D034 /* Project object */;
			proxyType = 1;
			remoteGlobalIDString = 20EEF4B51D1D20730059D034;
			remoteInfo = testCacheImage;
		};
/* End PBXContainerItemProxy section */

/* Begin PBXFileReference section */
		20EEF4B61D1D20730059D034 /* testCacheImage.app */ = {isa = PBXFileReference; explicitFileType = wrapper.application; includeInIndex = 0; path = testCacheImage.app; sourceTree = BUILT_PRODUCTS_DIR; };
		20EEF4BA1D1D20730059D034 /* main.m */ = {isa = PBXFileReference; lastKnownFileType = sourcecode.c.objc; path = main.m; sourceTree = "<group>"; };
		20EEF4BC1D1D20730059D034 /* AppDelegate.h */ = {isa = PBXFileReference; lastKnownFileType = sourcecode.c.h; path = AppDelegate.h; sourceTree = "<group>"; };
		20EEF4BD1D1D20730059D034 /* AppDelegate.m */ = {isa = PBXFileReference; lastKnownFileType = sourcecode.c.objc; path = AppDelegate.m; sourceTree = "<group>"; };
		20EEF4BF1D1D20730059D034 /* ViewController.h */ = {isa = PBXFileReference; lastKnownFileType = sourcecode.c.h; path = ViewController.h; sourceTree = "<group>"; };
		20EEF4C01D1D20730059D034 /* ViewController.m */ = {isa = PBXFileReference; lastKnownFileType = sourcecode.c.objc; path = ViewController.m; sourceTree = "<group>"; };
		20EEF4C31D1D20730059D034 /* Base */ = {isa = PBXFileReference; lastKnownFileType = file.storyboard; name = Base; path = Base.lproj/Main.storyboard; sourceTree = "<group>"; };
		20EEF4C51D1D20730059D034 /* Assets.xcassets */ = {isa = PBXFileReference; lastKnownFileType = folder.assetcatalog; path = Assets.xcassets; sourceTree = "<group>"; };
		20EEF4C81D1D20730059D034 /* Base */ = {isa = PBXFileReference; lastKnownFileType = file.storyboard; name = Base; path = Base.lproj/LaunchScreen.storyboard; sourceTree = "<group>"; };
		20EEF4CA1D1D20730059D034 /* Info.plist */ = {isa = PBXFileReference; lastKnownFileType = text.plist.xml; path = Info.plist; sourceTree = "<group>"; };
		20EEF4CF1D1D20730059D034 /* testCacheImageTests.xctest */ = {isa = PBXFileReference; explicitFileType = wrapper.cfbundle; includeInIndex = 0; path = testCacheImageTests.xctest; sourceTree = BUILT_PRODUCTS_DIR; };
		20EEF4D31D1D20730059D034 /* testCacheImageTests.m */ = {isa = PBXFileReference; lastKnownFileType = sourcecode.c.objc; path = testCacheImageTests.m; sourceTree = "<group>"; };
		20EEF4D51D1D20730059D034 /* Info.plist */ = {isa = PBXFileReference; lastKnownFileType = text.plist.xml; path = Info.plist; sourceTree = "<group>"; };
		20EEF4DA1D1D20730059D034 /* testCacheImageUITests.xctest */ = {isa = PBXFileReference; explicitFileType = wrapper.cfbundle; includeInIndex = 0; path = testCacheImageUITests.xctest; sourceTree = BUILT_PRODUCTS_DIR; };
		20EEF4DE1D1D20730059D034 /* testCacheImageUITests.m */ = {isa = PBXFileReference; lastKnownFileType = sourcecode.c.objc; path = testCacheImageUITests.m; sourceTree = "<group>"; };
		20EEF4E01D1D20730059D034 /* Info.plist */ = {isa = PBXFileReference; lastKnownFileType = text.plist.xml; path = Info.plist; sourceTree = "<group>"; };
		20EEF4ED1D1D20BD0059D034 /* ModelImage.h */ = {isa = PBXFileReference; fileEncoding = 4; lastKnownFileType = sourcecode.c.h; path = ModelImage.h; sourceTree = "<group>"; };
		20EEF4EE1D1D20BD0059D034 /* ModelImage.m */ = {isa = PBXFileReference; fileEncoding = 4; lastKnownFileType = sourcecode.c.objc; path = ModelImage.m; sourceTree = "<group>"; };
		20EEF4F11D1D21220059D034 /* ImageCache.h */ = {isa = PBXFileReference; fileEncoding = 4; lastKnownFileType = sourcecode.c.h; path = ImageCache.h; sourceTree = "<group>"; };
		20EEF4F21D1D21220059D034 /* ImageCache.m */ = {isa = PBXFileReference; fileEncoding = 4; lastKnownFileType = sourcecode.c.objc; path = ImageCache.m; sourceTree = "<group>"; };
/* End PBXFileReference section */

/* Begin PBXFrameworksBuildPhase section */
		20EEF4B31D1D20730059D034 /* Frameworks */ = {
			isa = PBXFrameworksBuildPhase;
			buildActionMask = 2147483647;
			files = (
			);
			runOnlyForDeploymentPostprocessing = 0;
		};
		20EEF4CC1D1D20730059D034 /* Frameworks */ = {
			isa = PBXFrameworksBuildPhase;
			buildActionMask = 2147483647;
			files = (
			);
			runOnlyForDeploymentPostprocessing = 0;
		};
		20EEF4D71D1D20730059D034 /* Frameworks */ = {
			isa = PBXFrameworksBuildPhase;
			buildActionMask = 2147483647;
			files = (
			);
			runOnlyForDeploymentPostprocessing = 0;
		};
/* End PBXFrameworksBuildPhase section */

/* Begin PBXGroup section */
		20EEF4AD1D1D20730059D034 = {
			isa = PBXGroup;
			children = (
				20EEF4B81D1D20730059D034 /* testCacheImage */,
				20EEF4D21D1D20730059D034 /* testCacheImageTests */,
				20EEF4DD1D1D20730059D034 /* testCacheImageUITests */,
				20EEF4B71D1D20730059D034 /* Products */,
			);
			sourceTree = "<group>";
		};
		20EEF4B71D1D20730059D034 /* Products */ = {
			isa = PBXGroup;
			children = (
				20EEF4B61D1D20730059D034 /* testCacheImage.app */,
				20EEF4CF1D1D20730059D034 /* testCacheImageTests.xctest */,
				20EEF4DA1D1D20730059D034 /* testCacheImageUITests.xctest */,
			);
			name = Products;
			sourceTree = "<group>";
		};
		20EEF4B81D1D20730059D034 /* testCacheImage */ = {
			isa = PBXGroup;
			children = (
				20EEF4F01D1D20F30059D034 /* Cache */,
				20EEF4EC1D1D207A0059D034 /* Model */,
				20EEF4BC1D1D20730059D034 /* AppDelegate.h */,
				20EEF4BD1D1D20730059D034 /* AppDelegate.m */,
				20EEF4BF1D1D20730059D034 /* ViewController.h */,
				20EEF4C01D1D20730059D034 /* ViewController.m */,
				20EEF4C21D1D20730059D034 /* Main.storyboard */,
				20EEF4C51D1D20730059D034 /* Assets.xcassets */,
				20EEF4C71D1D20730059D034 /* LaunchScreen.storyboard */,
				20EEF4CA1D1D20730059D034 /* Info.plist */,
				20EEF4B91D1D20730059D034 /* Supporting Files */,
			);
			path = testCacheImage;
			sourceTree = "<group>";
		};
		20EEF4B91D1D20730059D034 /* Supporting Files */ = {
			isa = PBXGroup;
			children = (
				20EEF4BA1D1D20730059D034 /* main.m */,
			);
			name = "Supporting Files";
			sourceTree = "<group>";
		};
		20EEF4D21D1D20730059D034 /* testCacheImageTests */ = {
			isa = PBXGroup;
			children = (
				20EEF4D31D1D20730059D034 /* testCacheImageTests.m */,
				20EEF4D51D1D20730059D034 /* Info.plist */,
			);
			path = testCacheImageTests;
			sourceTree = "<group>";
		};
		20EEF4DD1D1D20730059D034 /* testCacheImageUITests */ = {
			isa = PBXGroup;
			children = (
				20EEF4DE1D1D20730059D034 /* testCacheImageUITests.m */,
				20EEF4E01D1D20730059D034 /* Info.plist */,
			);
			path = testCacheImageUITests;
			sourceTree = "<group>";
		};
		20EEF4EC1D1D207A0059D034 /* Model */ = {
			isa = PBXGroup;
			children = (
				20EEF4ED1D1D20BD0059D034 /* ModelImage.h */,
				20EEF4EE1D1D20BD0059D034 /* ModelImage.m */,
			);
			name = Model;
			sourceTree = "<group>";
		};
		20EEF4F01D1D20F30059D034 /* Cache */ = {
			isa = PBXGroup;
			children = (
				20EEF4F11D1D21220059D034 /* ImageCache.h */,
				20EEF4F21D1D21220059D034 /* ImageCache.m */,
			);
			name = Cache;
			sourceTree = "<group>";
		};
/* End PBXGroup section */

/* Begin PBXNativeTarget section */
		20EEF4B51D1D20730059D034 /* testCacheImage */ = {
			isa = PBXNativeTarget;
			buildConfigurationList = 20EEF4E31D1D20730059D034 /* Build configuration list for PBXNativeTarget "testCacheImage" */;
			buildPhases = (
				20EEF4B21D1D20730059D034 /* Sources */,
				20EEF4B31D1D20730059D034 /* Frameworks */,
				20EEF4B41D1D20730059D034 /* Resources */,
			);
			buildRules = (
			);
			dependencies = (
			);
			name = testCacheImage;
			productName = testCacheImage;
			productReference = 20EEF4B61D1D20730059D034 /* testCacheImage.app */;
			productType = "com.apple.product-type.application";
		};
		20EEF4CE1D1D20730059D034 /* testCacheImageTests */ = {
			isa = PBXNativeTarget;
			buildConfigurationList = 20EEF4E61D1D20730059D034 /* Build configuration list for PBXNativeTarget "testCacheImageTests" */;
			buildPhases = (
				20EEF4CB1D1D20730059D034 /* Sources */,
				20EEF4CC1D1D20730059D034 /* Frameworks */,
				20EEF4CD1D1D20730059D034 /* Resources */,
			);
			buildRules = (
			);
			dependencies = (
				20EEF4D11D1D20730059D034 /* PBXTargetDependency */,
			);
			name = testCacheImageTests;
			productName = testCacheImageTests;
			productReference = 20EEF4CF1D1D20730059D034 /* testCacheImageTests.xctest */;
			productType = "com.apple.product-type.bundle.unit-test";
		};
		20EEF4D91D1D20730059D034 /* testCacheImageUITests */ = {
			isa = PBXNativeTarget;
			buildConfigurationList = 20EEF4E91D1D20730059D034 /* Build configuration list for PBXNativeTarget "testCacheImageUITests" */;
			buildPhases = (
				20EEF4D61D1D20730059D034 /* Sources */,
				20EEF4D71D1D20730059D034 /* Frameworks */,
				20EEF4D81D1D20730059D034 /* Resources */,
			);
			buildRules = (
			);
			dependencies = (
				20EEF4DC1D1D20730059D034 /* PBXTargetDependency */,
			);
			name = testCacheImageUITests;
			productName = testCacheImageUITests;
			productReference = 20EEF4DA1D1D20730059D034 /* testCacheImageUITests.xctest */;
			productType = "com.apple.product-type.bundle.ui-testing";
		};
/* End PBXNativeTarget section */

/* Begin PBXProject section */
		20EEF4AE1D1D20730059D034 /* Project object */ = {
			isa = PBXProject;
			attributes = {
				LastUpgradeCheck = 0730;
				ORGANIZATIONNAME = Evan;
				TargetAttributes = {
					20EEF4B51D1D20730059D034 = {
						CreatedOnToolsVersion = 7.3.1;
					};
					20EEF4CE1D1D20730059D034 = {
						CreatedOnToolsVersion = 7.3.1;
						TestTargetID = 20EEF4B51D1D20730059D034;
					};
					20EEF4D91D1D20730059D034 = {
						CreatedOnToolsVersion = 7.3.1;
						TestTargetID = 20EEF4B51D1D20730059D034;
					};
				};
			};
			buildConfigurationList = 20EEF4B11D1D20730059D034 /* Build configuration list for PBXProject "testCacheImage" */;
			compatibilityVersion = "Xcode 3.2";
			developmentRegion = English;
			hasScannedForEncodings = 0;
			knownRegions = (
				en,
				Base,
			);
			mainGroup = 20EEF4AD1D1D20730059D034;
			productRefGroup = 20EEF4B71D1D20730059D034 /* Products */;
			projectDirPath = "";
			projectRoot = "";
			targets = (
				20EEF4B51D1D20730059D034 /* testCacheImage */,
				20EEF4CE1D1D20730059D034 /* testCacheImageTests */,
				20EEF4D91D1D20730059D034 /* testCacheImageUITests */,
			);
		};
/* End PBXProject section */

/* Begin PBXResourcesBuildPhase section */
		20EEF4B41D1D20730059D034 /* Resources */ = {
			isa = PBXResourcesBuildPhase;
			buildActionMask = 2147483647;
			files = (
				20EEF4C91D1D20730059D034 /* LaunchScreen.storyboard in Resources */,
				20EEF4C61D1D20730059D034 /* Assets.xcassets in Resources */,
				20EEF4C41D1D20730059D034 /* Main.storyboard in Resources */,
			);
			runOnlyForDeploymentPostprocessing = 0;
		};
		20EEF4CD1D1D20730059D034 /* Resources */ = {
			isa = PBXResourcesBuildPhase;
			buildActionMask = 2147483647;
			files = (
			);
			runOnlyForDeploymentPostprocessing = 0;
		};
		20EEF4D81D1D20730059D034 /* Resources */ = {
			isa = PBXResourcesBuildPhase;
			buildActionMask = 2147483647;
			files = (
			);
			runOnlyForDeploymentPostprocessing = 0;
		};
/* End PBXResourcesBuildPhase section */

/* Begin PBXSourcesBuildPhase section */
		20EEF4B21D1D20730059D034 /* Sources */ = {
			isa = PBXSourcesBuildPhase;
			buildActionMask = 2147483647;
			files = (
				20EEF4C11D1D20730059D034 /* ViewController.m in Sources */,
				20EEF4BE1D1D20730059D034 /* AppDelegate.m in Sources */,
				20EEF4F31D1D21220059D034 /* ImageCache.m in Sources */,
				20EEF4BB1D1D20730059D034 /* main.m in Sources */,
				20EEF4EF1D1D20BD0059D034 /* ModelImage.m in Sources */,
			);
			runOnlyForDeploymentPostprocessing = 0;
		};
		20EEF4CB1D1D20730059D034 /* Sources */ = {
			isa = PBXSourcesBuildPhase;
			buildActionMask = 2147483647;
			files = (
				20EEF4D41D1D20730059D034 /* testCacheImageTests.m in Sources */,
			);
			runOnlyForDeploymentPostprocessing = 0;
		};
		20EEF4D61D1D20730059D034 /* Sources */ = {
			isa = PBXSourcesBuildPhase;
			buildActionMask = 2147483647;
			files = (
				20EEF4DF1D1D20730059D034 /* testCacheImageUITests.m in Sources */,
			);
			runOnlyForDeploymentPostprocessing = 0;
		};
/* End PBXSourcesBuildPhase section */

/* Begin PBXTargetDependency section */
		20EEF4D11D1D20730059D034 /* PBXTargetDependency */ = {
			isa = PBXTargetDependency;
			target = 20EEF4B51D1D20730059D034 /* testCacheImage */;
			targetProxy = 20EEF4D01D1D20730059D034 /* PBXContainerItemProxy */;
		};
		20EEF4DC1D1D20730059D034 /* PBXTargetDependency */ = {
			isa = PBXTargetDependency;
			target = 20EEF4B51D1D20730059D034 /* testCacheImage */;
			targetProxy = 20EEF4DB1D1D20730059D034 /* PBXContainerItemProxy */;
		};
/* End PBXTargetDependency section */

/* Begin PBXVariantGroup section */
		20EEF4C21D1D20730059D034 /* Main.storyboard */ = {
			isa = PBXVariantGroup;
			children = (
				20EEF4C31D1D20730059D034 /* Base */,
			);
			name = Main.storyboard;
			sourceTree = "<group>";
		};
		20EEF4C71D1D20730059D034 /* LaunchScreen.storyboard */ = {
			isa = PBXVariantGroup;
			children = (
				20EEF4C81D1D20730059D034 /* Base */,
			);
			name = LaunchScreen.storyboard;
			sourceTree = "<group>";
		};
/* End PBXVariantGroup section */

/* Begin XCBuildConfiguration section */
		20EEF4E11D1D20730059D034 /* Debug */ = {
			isa = XCBuildConfiguration;
			buildSettings = {
				ALWAYS_SEARCH_USER_PATHS = NO;
				CLANG_ANALYZER_NONNULL = YES;
				CLANG_CXX_LANGUAGE_STANDARD = "gnu++0x";
				CLANG_CXX_LIBRARY = "libc++";
				CLANG_ENABLE_MODULES = YES;
				CLANG_ENABLE_OBJC_ARC = YES;
				CLANG_WARN_BOOL_CONVERSION = YES;
				CLANG_WARN_CONSTANT_CONVERSION = YES;
				CLANG_WARN_DIRECT_OBJC_ISA_USAGE = YES_ERROR;
				CLANG_WARN_EMPTY_BODY = YES;
				CLANG_WARN_ENUM_CONVERSION = YES;
				CLANG_WARN_INT_CONVERSION = YES;
				CLANG_WARN_OBJC_ROOT_CLASS = YES_ERROR;
				CLANG_WARN_UNREACHABLE_CODE = YES;
				CLANG_WARN__DUPLICATE_METHOD_MATCH = YES;
				"CODE_SIGN_IDENTITY[sdk=iphoneos*]" = "iPhone Developer";
				COPY_PHASE_STRIP = NO;
				DEBUG_INFORMATION_FORMAT = dwarf;
				ENABLE_STRICT_OBJC_MSGSEND = YES;
				ENABLE_TESTABILITY = YES;
				GCC_C_LANGUAGE_STANDARD = gnu99;
				GCC_DYNAMIC_NO_PIC = NO;
				GCC_NO_COMMON_BLOCKS = YES;
				GCC_OPTIMIZATION_LEVEL = 0;
				GCC_PREPROCESSOR_DEFINITIONS = (
					"DEBUG=1",
					"$(inherited)",
				);
				GCC_WARN_64_TO_32_BIT_CONVERSION = YES;
				GCC_WARN_ABOUT_RETURN_TYPE = YES_ERROR;
				GCC_WARN_UNDECLARED_SELECTOR = YES;
				GCC_WARN_UNINITIALIZED_AUTOS = YES_AGGRESSIVE;
				GCC_WARN_UNUSED_FUNCTION = YES;
				GCC_WARN_UNUSED_VARIABLE = YES;
				IPHONEOS_DEPLOYMENT_TARGET = 9.3;
				MTL_ENABLE_DEBUG_INFO = YES;
				ONLY_ACTIVE_ARCH = YES;
				SDKROOT = iphoneos;
				TARGETED_DEVICE_FAMILY = "1,2";
			};
			name = Debug;
		};
		20EEF4E21D1D20730059D034 /* Release */ = {
			isa = XCBuildConfiguration;
			buildSettings = {
				ALWAYS_SEARCH_USER_PATHS = NO;
				CLANG_ANALYZER_NONNULL = YES;
				CLANG_CXX_LANGUAGE_STANDARD = "gnu++0x";
				CLANG_CXX_LIBRARY = "libc++";
				CLANG_ENABLE_MODULES = YES;
				CLANG_ENABLE_OBJC_ARC = YES;
				CLANG_WARN_BOOL_CONVERSION = YES;
				CLANG_WARN_CONSTANT_CONVERSION = YES;
				CLANG_WARN_DIRECT_OBJC_ISA_USAGE = YES_ERROR;
				CLANG_WARN_EMPTY_BODY = YES;
				CLANG_WARN_ENUM_CONVERSION = YES;
				CLANG_WARN_INT_CONVERSION = YES;
				CLANG_WARN_OBJC_ROOT_CLASS = YES_ERROR;
				CLANG_WARN_UNREACHABLE_CODE = YES;
				CLANG_WARN__DUPLICATE_METHOD_MATCH = YES;
				"CODE_SIGN_IDENTITY[sdk=iphoneos*]" = "iPhone Developer";
				COPY_PHASE_STRIP = NO;
				DEBUG_INFORMATION_FORMAT = "dwarf-with-dsym";
				ENABLE_NS_ASSERTIONS = NO;
				ENABLE_STRICT_OBJC_MSGSEND = YES;
				GCC_C_LANGUAGE_STANDARD = gnu99;
				GCC_NO_COMMON_BLOCKS = YES;
				GCC_WARN_64_TO_32_BIT_CONVERSION = YES;
				GCC_WARN_ABOUT_RETURN_TYPE = YES_ERROR;
				GCC_WARN_UNDECLARED_SELECTOR = YES;
				GCC_WARN_UNINITIALIZED_AUTOS = YES_AGGRESSIVE;
				GCC_WARN_UNUSED_FUNCTION = YES;
				GCC_WARN_UNUSED_VARIABLE = YES;
				IPHONEOS_DEPLOYMENT_TARGET = 9.3;
				MTL_ENABLE_DEBUG_INFO = NO;
				SDKROOT = iphoneos;
				TARGETED_DEVICE_FAMILY = "1,2";
				VALIDATE_PRODUCT = YES;
			};
			name = Release;
		};
		20EEF4E41D1D20730059D034 /* Debug */ = {
			isa = XCBuildConfiguration;
			buildSettings = {
				ASSETCATALOG_COMPILER_APPICON_NAME = AppIcon;
				INFOPLIST_FILE = testCacheImage/Info.plist;
				IPHONEOS_DEPLOYMENT_TARGET = 8.4;
				LD_RUNPATH_SEARCH_PATHS = "$(inherited) @executable_path/Frameworks";
				PRODUCT_BUNDLE_IDENTIFIER = Evan.testCacheImage;
				PRODUCT_NAME = "$(TARGET_NAME)";
			};
			name = Debug;
		};
		20EEF4E51D1D20730059D034 /* Release */ = {
			isa = XCBuildConfiguration;
			buildSettings = {
				ASSETCATALOG_COMPILER_APPICON_NAME = AppIcon;
				INFOPLIST_FILE = testCacheImage/Info.plist;
				IPHONEOS_DEPLOYMENT_TARGET = 8.4;
				LD_RUNPATH_SEARCH_PATHS = "$(inherited) @executable_path/Frameworks";
				PRODUCT_BUNDLE_IDENTIFIER = Evan.testCacheImage;
				PRODUCT_NAME = "$(TARGET_NAME)";
			};
			name = Release;
		};
		20EEF4E71D1D20730059D034 /* Debug */ = {
			isa = XCBuildConfiguration;
			buildSettings = {
				BUNDLE_LOADER = "$(TEST_HOST)";
				INFOPLIST_FILE = testCacheImageTests/Info.plist;
				LD_RUNPATH_SEARCH_PATHS = "$(inherited) @executable_path/Frameworks @loader_path/Frameworks";
				PRODUCT_BUNDLE_IDENTIFIER = Evan.testCacheImageTests;
				PRODUCT_NAME = "$(TARGET_NAME)";
				TEST_HOST = "$(BUILT_PRODUCTS_DIR)/testCacheImage.app/testCacheImage";
			};
			name = Debug;
		};
		20EEF4E81D1D20730059D034 /* Release */ = {
			isa = XCBuildConfiguration;
			buildSettings = {
				BUNDLE_LOADER = "$(TEST_HOST)";
				INFOPLIST_FILE = testCacheImageTests/Info.plist;
				LD_RUNPATH_SEARCH_PATHS = "$(inherited) @executable_path/Frameworks @loader_path/Frameworks";
				PRODUCT_BUNDLE_IDENTIFIER = Evan.testCacheImageTests;
				PRODUCT_NAME = "$(TARGET_NAME)";
				TEST_HOST = "$(BUILT_PRODUCTS_DIR)/testCacheImage.app/testCacheImage";
			};
			name = Release;
		};
		20EEF4EA1D1D20730059D034 /* Debug */ = {
			isa = XCBuildConfiguration;
			buildSettings = {
				INFOPLIST_FILE = testCacheImageUITests/Info.plist;
				LD_RUNPATH_SEARCH_PATHS = "$(inherited) @executable_path/Frameworks @loader_path/Frameworks";
				PRODUCT_BUNDLE_IDENTIFIER = Evan.testCacheImageUITests;
				PRODUCT_NAME = "$(TARGET_NAME)";
				TEST_TARGET_NAME = testCacheImage;
			};
			name = Debug;
		};
		20EEF4EB1D1D20730059D034 /* Release */ = {
			isa = XCBuildConfiguration;
			buildSettings = {
				INFOPLIST_FILE = testCacheImageUITests/Info.plist;
				LD_RUNPATH_SEARCH_PATHS = "$(inherited) @executable_path/Frameworks @loader_path/Frameworks";
				PRODUCT_BUNDLE_IDENTIFIER = Evan.testCacheImageUITests;
				PRODUCT_NAME = "$(TARGET_NAME)";
				TEST_TARGET_NAME = testCacheImage;
			};
			name = Release;
		};
/* End XCBuildConfiguration section */

/* Begin XCConfigurationList section */
		20EEF4B11D1D20730059D034 /* Build configuration list for PBXProject "testCacheImage" */ = {
			isa = XCConfigurationList;
			buildConfigurations = (
				20EEF4E11D1D20730059D034 /* Debug */,
				20EEF4E21D1D20730059D034 /* Release */,
			);
			defaultConfigurationIsVisible = 0;
			defaultConfigurationName = Release;
		};
		20EEF4E31D1D20730059D034 /* Build configuration list for PBXNativeTarget "testCacheImage" */ = {
			isa = XCConfigurationList;
			buildConfigurations = (
				20EEF4E41D1D20730059D034 /* Debug */,
				20EEF4E51D1D20730059D034 /* Release */,
			);
			defaultConfigurationIsVisible = 0;
		};
		20EEF4E61D1D20730059D034 /* Build configuration list for PBXNativeTarget "testCacheImageTests" */ = {
			isa = XCConfigurationList;
			buildConfigurations = (
				20EEF4E71D1D20730059D034 /* Debug */,
				20EEF4E81D1D20730059D034 /* Release */,
			);
			defaultConfigurationIsVisible = 0;
		};
		20EEF4E91D1D20730059D034 /* Build configuration list for PBXNativeTarget "testCacheImageUITests" */ = {
			isa = XCConfigurationList;
			buildConfigurations = (
				20EEF4EA1D1D20730059D034 /* Debug */,
				20EEF4EB1D1D20730059D034 /* Release */,
			);
			defaultConfigurationIsVisible = 0;
		};
/* End XCConfigurationList section */
	};
	rootObject = 20EEF4AE1D1D20730059D034 /* Project object */;
}
